{
  "name": "pkimetal",
  "lockfileVersion": 3,
  "requires": true,
  "packages": {
    "": {
      "dependencies": {
        "@redocly/cli": "2.52.0"
      }
    },
    "node_modules/@redocly/cli": {
      "version": "2.52.0",
      "resolved": "https://registry.npmjs.org/@redocly/cli/-/cli-2.52.0.tgz",
      "integrity": "sha512-VUZFUwVu2vteAgUOX04QbgGZ9+QMP6UoonaSHQ7asAfaKbYBcw6QFrqA6FrDXg1ycN73Ou07Hb8RQWTnRndxtg==",
      "license": "MIT",
      "bin": {
        "openapi": "bin/cli.js",
        "redocly": "bin/cli.js"
      },
      "engines": {
        "node": ">=22.12.0 || >=20.19.0 <21.0.0",
        "npm": ">=10"
      }
    }
  }
}
