{
  "name": "pkimetal",
  "lockfileVersion": 3,
  "requires": true,
  "packages": {
    "": {
      "dependencies": {
        "@redocly/cli": "2.53.0"
      }
    },
    "node_modules/@redocly/cli": {
      "version": "2.53.0",
      "resolved": "https://registry.npmjs.org/@redocly/cli/-/cli-2.53.0.tgz",
      "integrity": "sha512-lMtzH4YF2RFW5+pV9oSlkoj2MkvTSAceV6/Qgn7l56PwzEWM1To62qWjlCWaZcMr9AxOpvWuS0XoE942Mzug3A==",
      "license": "MIT",
      "bin": {
        "openapi": "bin/cli.js",
        "redocly": "bin/cli.js"
      },
      "engines": {
        "node": ">=22.12.0 || >=20.19.0 <21.0.0",
        "npm": ">=10"
      }
    }
  }
}
